
Microsoft Visual Studio Solution File, Format Version 12.00
# Visual Studio Version 16
VisualStudioVersion = 16.0.29613.14
MinimumVisualStudioVersion = 10.0.40219.1
Project("{FAE04EC0-301F-11D3-BF4B-00C04F79EFBC}") = "Lab3", "Lab3.csproj", "{06434AF1-B20E-4195-BE91-FF6FBDC7FC67}"
EndProject
Global
	GlobalSection(SolutionConfigurationPlatforms) = preSolution
		Debug|Any CPU = Debug|Any CPU
		Release|Any CPU = Release|Any CPU
	EndGlobalSection
	GlobalSection(ProjectConfigurationPlatforms) = postSolution
		{06434AF1-B20E-4195-BE91-FF6FBDC7FC67}.Debug|Any CPU.ActiveCfg = Debug|Any CPU
		{06434AF1-B20E-4195-BE91-FF6FBDC7FC67}.Debug|Any CPU.Build.0 = Debug|Any CPU
		{06434AF1-B20E-4195-BE91-FF6FBDC7FC67}.Release|Any CPU.ActiveCfg = Release|Any CPU
		{06434AF1-B20E-4195-BE91-FF6FBDC7FC67}.Release|Any CPU.Build.0 = Release|Any CPU
	EndGlobalSection
	GlobalSection(SolutionProperties) = preSolution
		HideSolutionNode = FALSE
	EndGlobalSection
	GlobalSection(ExtensibilityGlobals) = postSolution
		SolutionGuid = {2804892F-3204-4609-BAA1-DF1B838C4E3A}
	EndGlobalSection
EndGlobal
